
Microsoft Visual Studio Solution File, Format Version 12.00
# Visual Studio 15
VisualStudioVersion = 15.0.28307.421
MinimumVisualStudioVersion = 10.0.40219.1
Project("{FAE04EC0-301F-11D3-BF4B-00C04F79EFBC}") = "CWConsoleApp07_01", "CWConsoleApp06_01\CWConsoleApp07_01.csproj", "{081DF698-D250-448E-BA56-BD7449ED19F7}"
EndProject
Project("{FAE04EC0-301F-11D3-BF4B-00C04F79EFBC}") = "CWConsoleApp07_02", "CWConsoleApp06_02\CWConsoleApp07_02.csproj", "{A880042D-E95D-415E-A94A-277FD287F4A5}"
EndProject
Global
	GlobalSection(SolutionConfigurationPlatforms) = preSolution
		Debug|Any CPU = Debug|Any CPU
		Release|Any CPU = Release|Any CPU
	EndGlobalSection
	GlobalSection(ProjectConfigurationPlatforms) = postSolution
		{081DF698-D250-448E-BA56-BD7449ED19F7}.Debug|Any CPU.ActiveCfg = Debug|Any CPU
		{081DF698-D250-448E-BA56-BD7449ED19F7}.Debug|Any CPU.Build.0 = Debug|Any CPU
		{081DF698-D250-448E-BA56-BD7449ED19F7}.Release|Any CPU.ActiveCfg = Release|Any CPU
		{081DF698-D250-448E-BA56-BD7449ED19F7}.Release|Any CPU.Build.0 = Release|Any CPU
		{A880042D-E95D-415E-A94A-277FD287F4A5}.Debug|Any CPU.ActiveCfg = Debug|Any CPU
		{A880042D-E95D-415E-A94A-277FD287F4A5}.Debug|Any CPU.Build.0 = Debug|Any CPU
		{A880042D-E95D-415E-A94A-277FD287F4A5}.Release|Any CPU.ActiveCfg = Release|Any CPU
		{A880042D-E95D-415E-A94A-277FD287F4A5}.Release|Any CPU.Build.0 = Release|Any CPU
	EndGlobalSection
	GlobalSection(SolutionProperties) = preSolution
		HideSolutionNode = FALSE
	EndGlobalSection
	GlobalSection(ExtensibilityGlobals) = postSolution
		SolutionGuid = {FDC12AE6-E252-4525-9267-32B828BAEE67}
	EndGlobalSection
EndGlobal
