
Microsoft Visual Studio Solution File, Format Version 12.00
# Visual Studio 15
VisualStudioVersion = 15.0.28307.421
MinimumVisualStudioVersion = 10.0.40219.1
Project("{FAE04EC0-301F-11D3-BF4B-00C04F79EFBC}") = "ConsoleApp1", "ConsoleApp1\ConsoleApp1.csproj", "{CE4A43AB-EB41-43C3-8D90-FF8FF2D30AD7}"
EndProject
Project("{FAE04EC0-301F-11D3-BF4B-00C04F79EFBC}") = "ConsoleApp2", "ConsoleApp2\ConsoleApp2.csproj", "{37536C83-516B-492B-AA09-EDA367C4BABA}"
EndProject
Project("{FAE04EC0-301F-11D3-BF4B-00C04F79EFBC}") = "ConsoleApp3", "ConsoleApp3\ConsoleApp3.csproj", "{AF9B8149-A43D-41FE-8B50-6F82CBC19562}"
EndProject
Global
	GlobalSection(SolutionConfigurationPlatforms) = preSolution
		Debug|Any CPU = Debug|Any CPU
		Release|Any CPU = Release|Any CPU
	EndGlobalSection
	GlobalSection(ProjectConfigurationPlatforms) = postSolution
		{CE4A43AB-EB41-43C3-8D90-FF8FF2D30AD7}.Debug|Any CPU.ActiveCfg = Debug|Any CPU
		{CE4A43AB-EB41-43C3-8D90-FF8FF2D30AD7}.Debug|Any CPU.Build.0 = Debug|Any CPU
		{CE4A43AB-EB41-43C3-8D90-FF8FF2D30AD7}.Release|Any CPU.ActiveCfg = Release|Any CPU
		{CE4A43AB-EB41-43C3-8D90-FF8FF2D30AD7}.Release|Any CPU.Build.0 = Release|Any CPU
		{37536C83-516B-492B-AA09-EDA367C4BABA}.Debug|Any CPU.ActiveCfg = Debug|Any CPU
		{37536C83-516B-492B-AA09-EDA367C4BABA}.Debug|Any CPU.Build.0 = Debug|Any CPU
		{37536C83-516B-492B-AA09-EDA367C4BABA}.Release|Any CPU.ActiveCfg = Release|Any CPU
		{37536C83-516B-492B-AA09-EDA367C4BABA}.Release|Any CPU.Build.0 = Release|Any CPU
		{AF9B8149-A43D-41FE-8B50-6F82CBC19562}.Debug|Any CPU.ActiveCfg = Debug|Any CPU
		{AF9B8149-A43D-41FE-8B50-6F82CBC19562}.Debug|Any CPU.Build.0 = Debug|Any CPU
		{AF9B8149-A43D-41FE-8B50-6F82CBC19562}.Release|Any CPU.ActiveCfg = Release|Any CPU
		{AF9B8149-A43D-41FE-8B50-6F82CBC19562}.Release|Any CPU.Build.0 = Release|Any CPU
	EndGlobalSection
	GlobalSection(SolutionProperties) = preSolution
		HideSolutionNode = FALSE
	EndGlobalSection
	GlobalSection(ExtensibilityGlobals) = postSolution
		SolutionGuid = {C0C50B81-A77F-4EF5-AC16-6F5FFE2F6CE2}
	EndGlobalSection
EndGlobal
