
Microsoft Visual Studio Solution File, Format Version 12.00
# Visual Studio 15
VisualStudioVersion = 15.0.28307.421
MinimumVisualStudioVersion = 10.0.40219.1
Project("{FAE04EC0-301F-11D3-BF4B-00C04F79EFBC}") = "HWConsoleApp2", "HWConsoleApp2\HWConsoleApp2.csproj", "{16198D78-CC39-4D37-BD92-B85D84411A54}"
EndProject
Global
	GlobalSection(SolutionConfigurationPlatforms) = preSolution
		Debug|Any CPU = Debug|Any CPU
		Release|Any CPU = Release|Any CPU
	EndGlobalSection
	GlobalSection(ProjectConfigurationPlatforms) = postSolution
		{16198D78-CC39-4D37-BD92-B85D84411A54}.Debug|Any CPU.ActiveCfg = Debug|Any CPU
		{16198D78-CC39-4D37-BD92-B85D84411A54}.Debug|Any CPU.Build.0 = Debug|Any CPU
		{16198D78-CC39-4D37-BD92-B85D84411A54}.Release|Any CPU.ActiveCfg = Release|Any CPU
		{16198D78-CC39-4D37-BD92-B85D84411A54}.Release|Any CPU.Build.0 = Release|Any CPU
	EndGlobalSection
	GlobalSection(SolutionProperties) = preSolution
		HideSolutionNode = FALSE
	EndGlobalSection
	GlobalSection(ExtensibilityGlobals) = postSolution
		SolutionGuid = {B9AD9EAB-0589-4711-B2DE-C7C9E1E08ED9}
	EndGlobalSection
EndGlobal
