
Microsoft Visual Studio Solution File, Format Version 12.00
# Visual Studio 15
VisualStudioVersion = 15.0.28307.421
MinimumVisualStudioVersion = 10.0.40219.1
Project("{FAE04EC0-301F-11D3-BF4B-00C04F79EFBC}") = "HWConsoleApp1", "HWConsoleApp1\HWConsoleApp1.csproj", "{9467E629-1482-41B6-9C26-02DD8677DD02}"
EndProject
Global
	GlobalSection(SolutionConfigurationPlatforms) = preSolution
		Debug|Any CPU = Debug|Any CPU
		Release|Any CPU = Release|Any CPU
	EndGlobalSection
	GlobalSection(ProjectConfigurationPlatforms) = postSolution
		{9467E629-1482-41B6-9C26-02DD8677DD02}.Debug|Any CPU.ActiveCfg = Debug|Any CPU
		{9467E629-1482-41B6-9C26-02DD8677DD02}.Debug|Any CPU.Build.0 = Debug|Any CPU
		{9467E629-1482-41B6-9C26-02DD8677DD02}.Release|Any CPU.ActiveCfg = Release|Any CPU
		{9467E629-1482-41B6-9C26-02DD8677DD02}.Release|Any CPU.Build.0 = Release|Any CPU
	EndGlobalSection
	GlobalSection(SolutionProperties) = preSolution
		HideSolutionNode = FALSE
	EndGlobalSection
	GlobalSection(ExtensibilityGlobals) = postSolution
		SolutionGuid = {FA2E04AF-AA60-4542-AFB2-5FD43D85753F}
	EndGlobalSection
EndGlobal
