
Microsoft Visual Studio Solution File, Format Version 12.00
# Visual Studio 15
VisualStudioVersion = 15.0.28307.421
MinimumVisualStudioVersion = 10.0.40219.1
Project("{FAE04EC0-301F-11D3-BF4B-00C04F79EFBC}") = "ConsoleApp3", "ConsoleApp3\ConsoleApp3.csproj", "{876A8650-12BB-4923-B513-0E6D0F6AE9AB}"
EndProject
Global
	GlobalSection(SolutionConfigurationPlatforms) = preSolution
		Debug|Any CPU = Debug|Any CPU
		Release|Any CPU = Release|Any CPU
	EndGlobalSection
	GlobalSection(ProjectConfigurationPlatforms) = postSolution
		{876A8650-12BB-4923-B513-0E6D0F6AE9AB}.Debug|Any CPU.ActiveCfg = Debug|Any CPU
		{876A8650-12BB-4923-B513-0E6D0F6AE9AB}.Debug|Any CPU.Build.0 = Debug|Any CPU
		{876A8650-12BB-4923-B513-0E6D0F6AE9AB}.Release|Any CPU.ActiveCfg = Release|Any CPU
		{876A8650-12BB-4923-B513-0E6D0F6AE9AB}.Release|Any CPU.Build.0 = Release|Any CPU
	EndGlobalSection
	GlobalSection(SolutionProperties) = preSolution
		HideSolutionNode = FALSE
	EndGlobalSection
	GlobalSection(ExtensibilityGlobals) = postSolution
		SolutionGuid = {BC8269B5-1BA8-44E1-8020-658FE5566FCE}
	EndGlobalSection
EndGlobal
