
Microsoft Visual Studio Solution File, Format Version 12.00
# Visual Studio 15
VisualStudioVersion = 15.0.28307.421
MinimumVisualStudioVersion = 10.0.40219.1
Project("{FAE04EC0-301F-11D3-BF4B-00C04F79EFBC}") = "CWConsoleApp17_01", "CWConsoleApp17_01\CWConsoleApp17_01.csproj", "{18359EBA-B017-42EA-8598-C4343210EE28}"
EndProject
Project("{FAE04EC0-301F-11D3-BF4B-00C04F79EFBC}") = "CWConsoleApp17_02_SW", "CWConsoleApp17_02_SW\CWConsoleApp17_02_SW.csproj", "{AAEAC9AF-1045-4E92-8B18-BA5886BDEAAB}"
EndProject
Global
	GlobalSection(SolutionConfigurationPlatforms) = preSolution
		Debug|Any CPU = Debug|Any CPU
		Release|Any CPU = Release|Any CPU
	EndGlobalSection
	GlobalSection(ProjectConfigurationPlatforms) = postSolution
		{18359EBA-B017-42EA-8598-C4343210EE28}.Debug|Any CPU.ActiveCfg = Debug|Any CPU
		{18359EBA-B017-42EA-8598-C4343210EE28}.Debug|Any CPU.Build.0 = Debug|Any CPU
		{18359EBA-B017-42EA-8598-C4343210EE28}.Release|Any CPU.ActiveCfg = Release|Any CPU
		{18359EBA-B017-42EA-8598-C4343210EE28}.Release|Any CPU.Build.0 = Release|Any CPU
		{AAEAC9AF-1045-4E92-8B18-BA5886BDEAAB}.Debug|Any CPU.ActiveCfg = Debug|Any CPU
		{AAEAC9AF-1045-4E92-8B18-BA5886BDEAAB}.Debug|Any CPU.Build.0 = Debug|Any CPU
		{AAEAC9AF-1045-4E92-8B18-BA5886BDEAAB}.Release|Any CPU.ActiveCfg = Release|Any CPU
		{AAEAC9AF-1045-4E92-8B18-BA5886BDEAAB}.Release|Any CPU.Build.0 = Release|Any CPU
	EndGlobalSection
	GlobalSection(SolutionProperties) = preSolution
		HideSolutionNode = FALSE
	EndGlobalSection
	GlobalSection(ExtensibilityGlobals) = postSolution
		SolutionGuid = {91F0360F-E281-408B-918C-A66347BD546E}
	EndGlobalSection
EndGlobal
