
Microsoft Visual Studio Solution File, Format Version 12.00
# Visual Studio 15
VisualStudioVersion = 15.0.28307.421
MinimumVisualStudioVersion = 10.0.40219.1
Project("{9A19103F-16F7-4668-BE54-9A1E7A4F7556}") = "HWConsoleApp5_Colors", "HWConsoleApp5\HWConsoleApp5_Colors.csproj", "{5AF46AA9-80E3-44A6-B2A6-FDB58B8ADDBF}"
EndProject
Project("{FAE04EC0-301F-11D3-BF4B-00C04F79EFBC}") = "HWConsoleApp5_Geometry", "HWConsoleApp5_Geometry\HWConsoleApp5_Geometry.csproj", "{05169E9E-2501-4670-A6C5-A47C098951A8}"
EndProject
Global
	GlobalSection(SolutionConfigurationPlatforms) = preSolution
		Debug|Any CPU = Debug|Any CPU
		Release|Any CPU = Release|Any CPU
	EndGlobalSection
	GlobalSection(ProjectConfigurationPlatforms) = postSolution
		{5AF46AA9-80E3-44A6-B2A6-FDB58B8ADDBF}.Debug|Any CPU.ActiveCfg = Debug|Any CPU
		{5AF46AA9-80E3-44A6-B2A6-FDB58B8ADDBF}.Debug|Any CPU.Build.0 = Debug|Any CPU
		{5AF46AA9-80E3-44A6-B2A6-FDB58B8ADDBF}.Release|Any CPU.ActiveCfg = Release|Any CPU
		{5AF46AA9-80E3-44A6-B2A6-FDB58B8ADDBF}.Release|Any CPU.Build.0 = Release|Any CPU
		{05169E9E-2501-4670-A6C5-A47C098951A8}.Debug|Any CPU.ActiveCfg = Debug|Any CPU
		{05169E9E-2501-4670-A6C5-A47C098951A8}.Debug|Any CPU.Build.0 = Debug|Any CPU
		{05169E9E-2501-4670-A6C5-A47C098951A8}.Release|Any CPU.ActiveCfg = Release|Any CPU
		{05169E9E-2501-4670-A6C5-A47C098951A8}.Release|Any CPU.Build.0 = Release|Any CPU
	EndGlobalSection
	GlobalSection(SolutionProperties) = preSolution
		HideSolutionNode = FALSE
	EndGlobalSection
	GlobalSection(ExtensibilityGlobals) = postSolution
		SolutionGuid = {F97E47C9-9DDC-4222-A3F8-551E92FCFF4C}
	EndGlobalSection
EndGlobal
