
Microsoft Visual Studio Solution File, Format Version 12.00
# Visual Studio 15
VisualStudioVersion = 15.0.28307.421
MinimumVisualStudioVersion = 10.0.40219.1
Project("{FAE04EC0-301F-11D3-BF4B-00C04F79EFBC}") = "HWConsoleApp11_Reminder", "HWConsoleApp11\HWConsoleApp11_Reminder.csproj", "{F1EF9A9E-AE6C-4A20-84BE-025A39989341}"
EndProject
Global
	GlobalSection(SolutionConfigurationPlatforms) = preSolution
		Debug|Any CPU = Debug|Any CPU
		Release|Any CPU = Release|Any CPU
	EndGlobalSection
	GlobalSection(ProjectConfigurationPlatforms) = postSolution
		{F1EF9A9E-AE6C-4A20-84BE-025A39989341}.Debug|Any CPU.ActiveCfg = Debug|Any CPU
		{F1EF9A9E-AE6C-4A20-84BE-025A39989341}.Debug|Any CPU.Build.0 = Debug|Any CPU
		{F1EF9A9E-AE6C-4A20-84BE-025A39989341}.Release|Any CPU.ActiveCfg = Release|Any CPU
		{F1EF9A9E-AE6C-4A20-84BE-025A39989341}.Release|Any CPU.Build.0 = Release|Any CPU
	EndGlobalSection
	GlobalSection(SolutionProperties) = preSolution
		HideSolutionNode = FALSE
	EndGlobalSection
	GlobalSection(ExtensibilityGlobals) = postSolution
		SolutionGuid = {D14AE960-0DEB-4A98-A0EC-2ABC3B3B8258}
	EndGlobalSection
EndGlobal
